// !$*UTF8*$!
{
	archiveVersion = 1;
	classes = {
	};
	objectVersion = 55;
	objects = {

/* Begin PBXBuildFile section */
		FDE4BC4B29ADB06A00DA2474 /* AppDelegate.swift in Sources */ = {isa = PBXBuildFile; fileRef = FDE4BC4A29ADB06A00DA2474 /* AppDelegate.swift */; };
		FDE4BC4D29ADB06A00DA2474 /* SceneDelegate.swift in Sources */ = {isa = PBXBuildFile; fileRef = FDE4BC4C29ADB06A00DA2474 /* SceneDelegate.swift */; };
		FDE4BC4F29ADB06A00DA2474 /* ViewController.swift in Sources */ = {isa = PBXBuildFile; fileRef = FDE4BC4E29ADB06A00DA2474 /* ViewController.swift */; };
		FDE4BC5229ADB06A00DA2474 /* Main.storyboard in Resources */ = {isa = PBXBuildFile; fileRef = FDE4BC5029ADB06A00DA2474 /* Main.storyboard */; };
		FDE4BC5429ADB06B00DA2474 /* Assets.xcassets in Resources */ = {isa = PBXBuildFile; fileRef = FDE4BC5329ADB06B00DA2474 /* Assets.xcassets */; };
		FDE4BC5729ADB06B00DA2474 /* LaunchScreen.storyboard in Resources */ = {isa = PBXBuildFile; fileRef = FDE4BC5529ADB06B00DA2474 /* LaunchScreen.storyboard */; };
		FDE4BC6229ADB06B00DA2474 /* CalculatorTests.swift in Sources */ = {isa = PBXBuildFile; fileRef = FDE4BC6129ADB06B00DA2474 /* CalculatorTests.swift */; };
		FDE4BC6C29ADB06B00DA2474 /* CalculatorUITests.swift in Sources */ = {isa = PBXBuildFile; fileRef = FDE4BC6B29ADB06B00DA2474 /* CalculatorUITests.swift */; };
		FDE4BC6E29ADB06B00DA2474 /* CalculatorUITestsLaunchTests.swift in Sources */ = {isa = PBXBuildFile; fileRef = FDE4BC6D29ADB06B00DA2474 /* CalculatorUITestsLaunchTests.swift */; };
/* End PBXBuildFile section */

/* Begin PBXContainerItemProxy section */
		FDE4BC5E29ADB06B00DA2474 /* PBXContainerItemProxy */ = {
			isa = PBXContainerItemProxy;
			containerPortal = FDE4BC3F29ADB06A00DA2474 /* Project object */;
			proxyType = 1;
			remoteGlobalIDString = FDE4BC4629ADB06A00DA2474;
			remoteInfo = Calculator;
		};
		FDE4BC6829ADB06B00DA2474 /* PBXContainerItemProxy */ = {
			isa = PBXContainerItemProxy;
			containerPortal = FDE4BC3F29ADB06A00DA2474 /* Project object */;
			proxyType = 1;
			remoteGlobalIDString = FDE4BC4629ADB06A00DA2474;
			remoteInfo = Calculator;
		};
/* End PBXContainerItemProxy section */

/* Begin PBXFileReference section */
		FDE4BC4729ADB06A00DA2474 /* Calculator.app */ = {isa = PBXFileReference; explicitFileType = wrapper.application; includeInIndex = 0; path = Calculator.app; sourceTree = BUILT_PRODUCTS_DIR; };
		FDE4BC4A29ADB06A00DA2474 /* AppDelegate.swift */ = {isa = PBXFileReference; lastKnownFileType = sourcecode.swift; path = AppDelegate.swift; sourceTree = "<group>"; };
		FDE4BC4C29ADB06A00DA2474 /* SceneDelegate.swift */ = {isa = PBXFileReference; lastKnownFileType = sourcecode.swift; path = SceneDelegate.swift; sourceTree = "<group>"; };
		FDE4BC4E29ADB06A00DA2474 /* ViewController.swift */ = {isa = PBXFileReference; lastKnownFileType = sourcecode.swift; path = ViewController.swift; sourceTree = "<group>"; };
		FDE4BC5129ADB06A00DA2474 /* Base */ = {isa = PBXFileReference; lastKnownFileType = file.storyboard; name = Base; path = Base.lproj/Main.storyboard; sourceTree = "<group>"; };
		FDE4BC5329ADB06B00DA2474 /* Assets.xcassets */ = {isa = PBXFileReference; lastKnownFileType = folder.assetcatalog; path = Assets.xcassets; sourceTree = "<group>"; };
		FDE4BC5629ADB06B00DA2474 /* Base */ = {isa = PBXFileReference; lastKnownFileType = file.storyboard; name = Base; path = Base.lproj/LaunchScreen.storyboard; sourceTree = "<group>"; };
		FDE4BC5829ADB06B00DA2474 /* Info.plist */ = {isa = PBXFileReference; lastKnownFileType = text.plist.xml; path = Info.plist; sourceTree = "<group>"; };
		FDE4BC5D29ADB06B00DA2474 /* CalculatorTests.xctest */ = {isa = PBXFileReference; explicitFileType = wrapper.cfbundle; includeInIndex = 0; path = CalculatorTests.xctest; sourceTree = BUILT_PRODUCTS_DIR; };
		FDE4BC6129ADB06B00DA2474 /* CalculatorTests.swift */ = {isa = PBXFileReference; lastKnownFileType = sourcecode.swift; path = CalculatorTests.swift; sourceTree = "<group>"; };
		FDE4BC6729ADB06B00DA2474 /* CalculatorUITests.xctest */ = {isa = PBXFileReference; explicitFileType = wrapper.cfbundle; includeInIndex = 0; path = CalculatorUITests.xctest; sourceTree = BUILT_PRODUCTS_DIR; };
		FDE4BC6B29ADB06B00DA2474 /* CalculatorUITests.swift */ = {isa = PBXFileReference; lastKnownFileType = sourcecode.swift; path = CalculatorUITests.swift; sourceTree = "<group>"; };
		FDE4BC6D29ADB06B00DA2474 /* CalculatorUITestsLaunchTests.swift */ = {isa = PBXFileReference; lastKnownFileType = sourcecode.swift; path = CalculatorUITestsLaunchTests.swift; sourceTree = "<group>"; };
/* End PBXFileReference section */

/* Begin PBXFrameworksBuildPhase section */
		FDE4BC4429ADB06A00DA2474 /* Frameworks */ = {
			isa = PBXFrameworksBuildPhase;
			buildActionMask = 2147483647;
			files = (
			);
			runOnlyForDeploymentPostprocessing = 0;
		};
		FDE4BC5A29ADB06B00DA2474 /* Frameworks */ = {
			isa = PBXFrameworksBuildPhase;
			buildActionMask = 2147483647;
			files = (
			);
			runOnlyForDeploymentPostprocessing = 0;
		};
		FDE4BC6429ADB06B00DA2474 /* Frameworks */ = {
			isa = PBXFrameworksBuildPhase;
			buildActionMask = 2147483647;
			files = (
			);
			runOnlyForDeploymentPostprocessing = 0;
		};
/* End PBXFrameworksBuildPhase section */

/* Begin PBXGroup section */
		FDE4BC3E29ADB06A00DA2474 = {
			isa = PBXGroup;
			children = (
				FDE4BC4929ADB06A00DA2474 /* Calculator */,
				FDE4BC6029ADB06B00DA2474 /* CalculatorTests */,
				FDE4BC6A29ADB06B00DA2474 /* CalculatorUITests */,
				FDE4BC4829ADB06A00DA2474 /* Products */,
			);
			sourceTree = "<group>";
		};
		FDE4BC4829ADB06A00DA2474 /* Products */ = {
			isa = PBXGroup;
			children = (
				FDE4BC4729ADB06A00DA2474 /* Calculator.app */,
				FDE4BC5D29ADB06B00DA2474 /* CalculatorTests.xctest */,
				FDE4BC6729ADB06B00DA2474 /* CalculatorUITests.xctest */,
			);
			name = Products;
			sourceTree = "<group>";
		};
		FDE4BC4929ADB06A00DA2474 /* Calculator */ = {
			isa = PBXGroup;
			children = (
				FDE4BC4A29ADB06A00DA2474 /* AppDelegate.swift */,
				FDE4BC4C29ADB06A00DA2474 /* SceneDelegate.swift */,
				FDE4BC4E29ADB06A00DA2474 /* ViewController.swift */,
				FDE4BC5029ADB06A00DA2474 /* Main.storyboard */,
				FDE4BC5329ADB06B00DA2474 /* Assets.xcassets */,
				FDE4BC5529ADB06B00DA2474 /* LaunchScreen.storyboard */,
				FDE4BC5829ADB06B00DA2474 /* Info.plist */,
			);
			path = Calculator;
			sourceTree = "<group>";
		};
		FDE4BC6029ADB06B00DA2474 /* CalculatorTests */ = {
			isa = PBXGroup;
			children = (
				FDE4BC6129ADB06B00DA2474 /* CalculatorTests.swift */,
			);
			path = CalculatorTests;
			sourceTree = "<group>";
		};
		FDE4BC6A29ADB06B00DA2474 /* CalculatorUITests */ = {
			isa = PBXGroup;
			children = (
				FDE4BC6B29ADB06B00DA2474 /* CalculatorUITests.swift */,
				FDE4BC6D29ADB06B00DA2474 /* CalculatorUITestsLaunchTests.swift */,
			);
			path = CalculatorUITests;
			sourceTree = "<group>";
		};
/* End PBXGroup section */

/* Begin PBXNativeTarget section */
		FDE4BC4629ADB06A00DA2474 /* Calculator */ = {
			isa = PBXNativeTarget;
			buildConfigurationList = FDE4BC7129ADB06B00DA2474 /* Build configuration list for PBXNativeTarget "Calculator" */;
			buildPhases = (
				FDE4BC4329ADB06A00DA2474 /* Sources */,
				FDE4BC4429ADB06A00DA2474 /* Frameworks */,
				FDE4BC4529ADB06A00DA2474 /* Resources */,
			);
			buildRules = (
			);
			dependencies = (
			);
			name = Calculator;
			productName = Calculator;
			productReference = FDE4BC4729ADB06A00DA2474 /* Calculator.app */;
			productType = "com.apple.product-type.application";
		};
		FDE4BC5C29ADB06B00DA2474 /* CalculatorTests */ = {
			isa = PBXNativeTarget;
			buildConfigurationList = FDE4BC7429ADB06B00DA2474 /* Build configuration list for PBXNativeTarget "CalculatorTests" */;
			buildPhases = (
				FDE4BC5929ADB06B00DA2474 /* Sources */,
				FDE4BC5A29ADB06B00DA2474 /* Frameworks */,
				FDE4BC5B29ADB06B00DA2474 /* Resources */,
			);
			buildRules = (
			);
			dependencies = (
				FDE4BC5F29ADB06B00DA2474 /* PBXTargetDependency */,
			);
			name = CalculatorTests;
			productName = CalculatorTests;
			productReference = FDE4BC5D29ADB06B00DA2474 /* CalculatorTests.xctest */;
			productType = "com.apple.product-type.bundle.unit-test";
		};
		FDE4BC6629ADB06B00DA2474 /* CalculatorUITests */ = {
			isa = PBXNativeTarget;
			buildConfigurationList = FDE4BC7729ADB06B00DA2474 /* Build configuration list for PBXNativeTarget "CalculatorUITests" */;
			buildPhases = (
				FDE4BC6329ADB06B00DA2474 /* Sources */,
				FDE4BC6429ADB06B00DA2474 /* Frameworks */,
				FDE4BC6529ADB06B00DA2474 /* Resources */,
			);
			buildRules = (
			);
			dependencies = (
				FDE4BC6929ADB06B00DA2474 /* PBXTargetDependency */,
			);
			name = CalculatorUITests;
			productName = CalculatorUITests;
			productReference = FDE4BC6729ADB06B00DA2474 /* CalculatorUITests.xctest */;
			productType = "com.apple.product-type.bundle.ui-testing";
		};
/* End PBXNativeTarget section */

/* Begin PBXProject section */
		FDE4BC3F29ADB06A00DA2474 /* Project object */ = {
			isa = PBXProject;
			attributes = {
				BuildIndependentTargetsInParallel = 1;
				LastSwiftUpdateCheck = 1420;
				LastUpgradeCheck = 1420;
				TargetAttributes = {
					FDE4BC4629ADB06A00DA2474 = {
						CreatedOnToolsVersion = 14.2;
					};
					FDE4BC5C29ADB06B00DA2474 = {
						CreatedOnToolsVersion = 14.2;
						TestTargetID = FDE4BC4629ADB06A00DA2474;
					};
					FDE4BC6629ADB06B00DA2474 = {
						CreatedOnToolsVersion = 14.2;
						TestTargetID = FDE4BC4629ADB06A00DA2474;
					};
				};
			};
			buildConfigurationList = FDE4BC4229ADB06A00DA2474 /* Build configuration list for PBXProject "Calculator" */;
			compatibilityVersion = "Xcode 13.0";
			developmentRegion = en;
			hasScannedForEncodings = 0;
			knownRegions = (
				en,
				Base,
			);
			mainGroup = FDE4BC3E29ADB06A00DA2474;
			productRefGroup = FDE4BC4829ADB06A00DA2474 /* Products */;
			projectDirPath = "";
			projectRoot = "";
			targets = (
				FDE4BC4629ADB06A00DA2474 /* Calculator */,
				FDE4BC5C29ADB06B00DA2474 /* CalculatorTests */,
				FDE4BC6629ADB06B00DA2474 /* CalculatorUITests */,
			);
		};
/* End PBXProject section */

/* Begin PBXResourcesBuildPhase section */
		FDE4BC4529ADB06A00DA2474 /* Resources */ = {
			isa = PBXResourcesBuildPhase;
			buildActionMask = 2147483647;
			files = (
				FDE4BC5729ADB06B00DA2474 /* LaunchScreen.storyboard in Resources */,
				FDE4BC5429ADB06B00DA2474 /* Assets.xcassets in Resources */,
				FDE4BC5229ADB06A00DA2474 /* Main.storyboard in Resources */,
			);
			runOnlyForDeploymentPostprocessing = 0;
		};
		FDE4BC5B29ADB06B00DA2474 /* Resources */ = {
			isa = PBXResourcesBuildPhase;
			buildActionMask = 2147483647;
			files = (
			);
			runOnlyForDeploymentPostprocessing = 0;
		};
		FDE4BC6529ADB06B00DA2474 /* Resources */ = {
			isa = PBXResourcesBuildPhase;
			buildActionMask = 2147483647;
			files = (
			);
			runOnlyForDeploymentPostprocessing = 0;
		};
/* End PBXResourcesBuildPhase section */

/* Begin PBXSourcesBuildPhase section */
		FDE4BC4329ADB06A00DA2474 /* Sources */ = {
			isa = PBXSourcesBuildPhase;
			buildActionMask = 2147483647;
			files = (
				FDE4BC4F29ADB06A00DA2474 /* ViewController.swift in Sources */,
				FDE4BC4B29ADB06A00DA2474 /* AppDelegate.swift in Sources */,
				FDE4BC4D29ADB06A00DA2474 /* SceneDelegate.swift in Sources */,
			);
			runOnlyForDeploymentPostprocessing = 0;
		};
		FDE4BC5929ADB06B00DA2474 /* Sources */ = {
			isa = PBXSourcesBuildPhase;
			buildActionMask = 2147483647;
			files = (
				FDE4BC6229ADB06B00DA2474 /* CalculatorTests.swift in Sources */,
			);
			runOnlyForDeploymentPostprocessing = 0;
		};
		FDE4BC6329ADB06B00DA2474 /* Sources */ = {
			isa = PBXSourcesBuildPhase;
			buildActionMask = 2147483647;
			files = (
				FDE4BC6E29ADB06B00DA2474 /* CalculatorUITestsLaunchTests.swift in Sources */,
				FDE4BC6C29ADB06B00DA2474 /* CalculatorUITests.swift in Sources */,
			);
			runOnlyForDeploymentPostprocessing = 0;
		};
/* End PBXSourcesBuildPhase section */

/* Begin PBXTargetDependency section */
		FDE4BC5F29ADB06B00DA2474 /* PBXTargetDependency */ = {
			isa = PBXTargetDependency;
			target = FDE4BC4629ADB06A00DA2474 /* Calculator */;
			targetProxy = FDE4BC5E29ADB06B00DA2474 /* PBXContainerItemProxy */;
		};
		FDE4BC6929ADB06B00DA2474 /* PBXTargetDependency */ = {
			isa = PBXTargetDependency;
			target = FDE4BC4629ADB06A00DA2474 /* Calculator */;
			targetProxy = FDE4BC6829ADB06B00DA2474 /* PBXContainerItemProxy */;
		};
/* End PBXTargetDependency section */

/* Begin PBXVariantGroup section */
		FDE4BC5029ADB06A00DA2474 /* Main.storyboard */ = {
			isa = PBXVariantGroup;
			children = (
				FDE4BC5129ADB06A00DA2474 /* Base */,
			);
			name = Main.storyboard;
			sourceTree = "<group>";
		};
		FDE4BC5529ADB06B00DA2474 /* LaunchScreen.storyboard */ = {
			isa = PBXVariantGroup;
			children = (
				FDE4BC5629ADB06B00DA2474 /* Base */,
			);
			name = LaunchScreen.storyboard;
			sourceTree = "<group>";
		};
/* End PBXVariantGroup section */

/* Begin XCBuildConfiguration section */
		FDE4BC6F29ADB06B00DA2474 /* Debug */ = {
			isa = XCBuildConfiguration;
			buildSettings = {
				ALWAYS_SEARCH_USER_PATHS = NO;
				CLANG_ANALYZER_NONNULL = YES;
				CLANG_ANALYZER_NUMBER_OBJECT_CONVERSION = YES_AGGRESSIVE;
				CLANG_CXX_LANGUAGE_STANDARD = "gnu++20";
				CLANG_ENABLE_MODULES = YES;
				CLANG_ENABLE_OBJC_ARC = YES;
				CLANG_ENABLE_OBJC_WEAK = YES;
				CLANG_WARN_BLOCK_CAPTURE_AUTORELEASING = YES;
				CLANG_WARN_BOOL_CONVERSION = YES;
				CLANG_WARN_COMMA = YES;
				CLANG_WARN_CONSTANT_CONVERSION = YES;
				CLANG_WARN_DEPRECATED_OBJC_IMPLEMENTATIONS = YES;
				CLANG_WARN_DIRECT_OBJC_ISA_USAGE = YES_ERROR;
				CLANG_WARN_DOCUMENTATION_COMMENTS = YES;
				CLANG_WARN_EMPTY_BODY = YES;
				CLANG_WARN_ENUM_CONVERSION = YES;
				CLANG_WARN_INFINITE_RECURSION = YES;
				CLANG_WARN_INT_CONVERSION = YES;
				CLANG_WARN_NON_LITERAL_NULL_CONVERSION = YES;
				CLANG_WARN_OBJC_IMPLICIT_RETAIN_SELF = YES;
				CLANG_WARN_OBJC_LITERAL_CONVERSION = YES;
				CLANG_WARN_OBJC_ROOT_CLASS = YES_ERROR;
				CLANG_WARN_QUOTED_INCLUDE_IN_FRAMEWORK_HEADER = YES;
				CLANG_WARN_RANGE_LOOP_ANALYSIS = YES;
				CLANG_WARN_STRICT_PROTOTYPES = YES;
				CLANG_WARN_SUSPICIOUS_MOVE = YES;
				CLANG_WARN_UNGUARDED_AVAILABILITY = YES_AGGRESSIVE;
				CLANG_WARN_UNREACHABLE_CODE = YES;
				CLANG_WARN__DUPLICATE_METHOD_MATCH = YES;
				COPY_PHASE_STRIP = NO;
				DEBUG_INFORMATION_FORMAT = dwarf;
				ENABLE_STRICT_OBJC_MSGSEND = YES;
				ENABLE_TESTABILITY = YES;
				GCC_C_LANGUAGE_STANDARD = gnu11;
				GCC_DYNAMIC_NO_PIC = NO;
				GCC_NO_COMMON_BLOCKS = YES;
				GCC_OPTIMIZATION_LEVEL = 0;
				GCC_PREPROCESSOR_DEFINITIONS = (
					"DEBUG=1",
					"$(inherited)",
				);
				GCC_WARN_64_TO_32_BIT_CONVERSION = YES;
				GCC_WARN_ABOUT_RETURN_TYPE = YES_ERROR;
				GCC_WARN_UNDECLARED_SELECTOR = YES;
				GCC_WARN_UNINITIALIZED_AUTOS = YES_AGGRESSIVE;
				GCC_WARN_UNUSED_FUNCTION = YES;
				GCC_WARN_UNUSED_VARIABLE = YES;
				IPHONEOS_DEPLOYMENT_TARGET = 16.2;
				MTL_ENABLE_DEBUG_INFO = INCLUDE_SOURCE;
				MTL_FAST_MATH = YES;
				ONLY_ACTIVE_ARCH = YES;
				SDKROOT = iphoneos;
				SWIFT_ACTIVE_COMPILATION_CONDITIONS = DEBUG;
				SWIFT_OPTIMIZATION_LEVEL = "-Onone";
			};
			name = Debug;
		};
		FDE4BC7029ADB06B00DA2474 /* Release */ = {
			isa = XCBuildConfiguration;
			buildSettings = {
				ALWAYS_SEARCH_USER_PATHS = NO;
				CLANG_ANALYZER_NONNULL = YES;
				CLANG_ANALYZER_NUMBER_OBJECT_CONVERSION = YES_AGGRESSIVE;
				CLANG_CXX_LANGUAGE_STANDARD = "gnu++20";
				CLANG_ENABLE_MODULES = YES;
				CLANG_ENABLE_OBJC_ARC = YES;
				CLANG_ENABLE_OBJC_WEAK = YES;
				CLANG_WARN_BLOCK_CAPTURE_AUTORELEASING = YES;
				CLANG_WARN_BOOL_CONVERSION = YES;
				CLANG_WARN_COMMA = YES;
				CLANG_WARN_CONSTANT_CONVERSION = YES;
				CLANG_WARN_DEPRECATED_OBJC_IMPLEMENTATIONS = YES;
				CLANG_WARN_DIRECT_OBJC_ISA_USAGE = YES_ERROR;
				CLANG_WARN_DOCUMENTATION_COMMENTS = YES;
				CLANG_WARN_EMPTY_BODY = YES;
				CLANG_WARN_ENUM_CONVERSION = YES;
				CLANG_WARN_INFINITE_RECURSION = YES;
				CLANG_WARN_INT_CONVERSION = YES;
				CLANG_WARN_NON_LITERAL_NULL_CONVERSION = YES;
				CLANG_WARN_OBJC_IMPLICIT_RETAIN_SELF = YES;
				CLANG_WARN_OBJC_LITERAL_CONVERSION = YES;
				CLANG_WARN_OBJC_ROOT_CLASS = YES_ERROR;
				CLANG_WARN_QUOTED_INCLUDE_IN_FRAMEWORK_HEADER = YES;
				CLANG_WARN_RANGE_LOOP_ANALYSIS = YES;
				CLANG_WARN_STRICT_PROTOTYPES = YES;
				CLANG_WARN_SUSPICIOUS_MOVE = YES;
				CLANG_WARN_UNGUARDED_AVAILABILITY = YES_AGGRESSIVE;
				CLANG_WARN_UNREACHABLE_CODE = YES;
				CLANG_WARN__DUPLICATE_METHOD_MATCH = YES;
				COPY_PHASE_STRIP = NO;
				DEBUG_INFORMATION_FORMAT = "dwarf-with-dsym";
				ENABLE_NS_ASSERTIONS = NO;
				ENABLE_STRICT_OBJC_MSGSEND = YES;
				GCC_C_LANGUAGE_STANDARD = gnu11;
				GCC_NO_COMMON_BLOCKS = YES;
				GCC_WARN_64_TO_32_BIT_CONVERSION = YES;
				GCC_WARN_ABOUT_RETURN_TYPE = YES_ERROR;
				GCC_WARN_UNDECLARED_SELECTOR = YES;
				GCC_WARN_UNINITIALIZED_AUTOS = YES_AGGRESSIVE;
				GCC_WARN_UNUSED_FUNCTION = YES;
				GCC_WARN_UNUSED_VARIABLE = YES;
				IPHONEOS_DEPLOYMENT_TARGET = 16.2;
				MTL_ENABLE_DEBUG_INFO = NO;
				MTL_FAST_MATH = YES;
				SDKROOT = iphoneos;
				SWIFT_COMPILATION_MODE = wholemodule;
				SWIFT_OPTIMIZATION_LEVEL = "-O";
				VALIDATE_PRODUCT = YES;
			};
			name = Release;
		};
		FDE4BC7229ADB06B00DA2474 /* Debug */ = {
			isa = XCBuildConfiguration;
			buildSettings = {
				ASSETCATALOG_COMPILER_APPICON_NAME = AppIcon;
				ASSETCATALOG_COMPILER_GLOBAL_ACCENT_COLOR_NAME = AccentColor;
				CODE_SIGN_STYLE = Automatic;
				CURRENT_PROJECT_VERSION = 1;
				DEVELOPMENT_TEAM = 597B6CQ9Q3;
				GENERATE_INFOPLIST_FILE = YES;
				INFOPLIST_FILE = Calculator/Info.plist;
				INFOPLIST_KEY_UIApplicationSupportsIndirectInputEvents = YES;
				INFOPLIST_KEY_UILaunchStoryboardName = LaunchScreen;
				INFOPLIST_KEY_UIMainStoryboardFile = Main;
				INFOPLIST_KEY_UISupportedInterfaceOrientations_iPad = "UIInterfaceOrientationPortrait UIInterfaceOrientationPortraitUpsideDown UIInterfaceOrientationLandscapeLeft UIInterfaceOrientationLandscapeRight";
				INFOPLIST_KEY_UISupportedInterfaceOrientations_iPhone = "UIInterfaceOrientationPortrait UIInterfaceOrientationLandscapeLeft UIInterfaceOrientationLandscapeRight";
				IPHONEOS_DEPLOYMENT_TARGET = 13.0;
				LD_RUNPATH_SEARCH_PATHS = (
					"$(inherited)",
					"@executable_path/Frameworks",
				);
				MARKETING_VERSION = 1.0;
				PRODUCT_BUNDLE_IDENTIFIER = com.Alexa.Calculator;
				PRODUCT_NAME = "$(TARGET_NAME)";
				SWIFT_EMIT_LOC_STRINGS = YES;
				SWIFT_VERSION = 5.0;
				TARGETED_DEVICE_FAMILY = "1,2";
			};
			name = Debug;
		};
		FDE4BC7329ADB06B00DA2474 /* Release */ = {
			isa = XCBuildConfiguration;
			buildSettings = {
				ASSETCATALOG_COMPILER_APPICON_NAME = AppIcon;
				ASSETCATALOG_COMPILER_GLOBAL_ACCENT_COLOR_NAME = AccentColor;
				CODE_SIGN_STYLE = Automatic;
				CURRENT_PROJECT_VERSION = 1;
				DEVELOPMENT_TEAM = 597B6CQ9Q3;
				GENERATE_INFOPLIST_FILE = YES;
				INFOPLIST_FILE = Calculator/Info.plist;
				INFOPLIST_KEY_UIApplicationSupportsIndirectInputEvents = YES;
				INFOPLIST_KEY_UILaunchStoryboardName = LaunchScreen;
				INFOPLIST_KEY_UIMainStoryboardFile = Main;
				INFOPLIST_KEY_UISupportedInterfaceOrientations_iPad = "UIInterfaceOrientationPortrait UIInterfaceOrientationPortraitUpsideDown UIInterfaceOrientationLandscapeLeft UIInterfaceOrientationLandscapeRight";
				INFOPLIST_KEY_UISupportedInterfaceOrientations_iPhone = "UIInterfaceOrientationPortrait UIInterfaceOrientationLandscapeLeft UIInterfaceOrientationLandscapeRight";
				IPHONEOS_DEPLOYMENT_TARGET = 13.0;
				LD_RUNPATH_SEARCH_PATHS = (
					"$(inherited)",
					"@executable_path/Frameworks",
				);
				MARKETING_VERSION = 1.0;
				PRODUCT_BUNDLE_IDENTIFIER = com.Alexa.Calculator;
				PRODUCT_NAME = "$(TARGET_NAME)";
				SWIFT_EMIT_LOC_STRINGS = YES;
				SWIFT_VERSION = 5.0;
				TARGETED_DEVICE_FAMILY = "1,2";
			};
			name = Release;
		};
		FDE4BC7529ADB06B00DA2474 /* Debug */ = {
			isa = XCBuildConfiguration;
			buildSettings = {
				ALWAYS_EMBED_SWIFT_STANDARD_LIBRARIES = YES;
				BUNDLE_LOADER = "$(TEST_HOST)";
				CODE_SIGN_STYLE = Automatic;
				CURRENT_PROJECT_VERSION = 1;
				DEVELOPMENT_TEAM = 597B6CQ9Q3;
				GENERATE_INFOPLIST_FILE = YES;
				IPHONEOS_DEPLOYMENT_TARGET = 16.2;
				MARKETING_VERSION = 1.0;
				PRODUCT_BUNDLE_IDENTIFIER = com.Alexa.CalculatorTests;
				PRODUCT_NAME = "$(TARGET_NAME)";
				SWIFT_EMIT_LOC_STRINGS = NO;
				SWIFT_VERSION = 5.0;
				TARGETED_DEVICE_FAMILY = "1,2";
				TEST_HOST = "$(BUILT_PRODUCTS_DIR)/Calculator.app/$(BUNDLE_EXECUTABLE_FOLDER_PATH)/Calculator";
			};
			name = Debug;
		};
		FDE4BC7629ADB06B00DA2474 /* Release */ = {
			isa = XCBuildConfiguration;
			buildSettings = {
				ALWAYS_EMBED_SWIFT_STANDARD_LIBRARIES = YES;
				BUNDLE_LOADER = "$(TEST_HOST)";
				CODE_SIGN_STYLE = Automatic;
				CURRENT_PROJECT_VERSION = 1;
				DEVELOPMENT_TEAM = 597B6CQ9Q3;
				GENERATE_INFOPLIST_FILE = YES;
				IPHONEOS_DEPLOYMENT_TARGET = 16.2;
				MARKETING_VERSION = 1.0;
				PRODUCT_BUNDLE_IDENTIFIER = com.Alexa.CalculatorTests;
				PRODUCT_NAME = "$(TARGET_NAME)";
				SWIFT_EMIT_LOC_STRINGS = NO;
				SWIFT_VERSION = 5.0;
				TARGETED_DEVICE_FAMILY = "1,2";
				TEST_HOST = "$(BUILT_PRODUCTS_DIR)/Calculator.app/$(BUNDLE_EXECUTABLE_FOLDER_PATH)/Calculator";
			};
			name = Release;
		};
		FDE4BC7829ADB06B00DA2474 /* Debug */ = {
			isa = XCBuildConfiguration;
			buildSettings = {
				ALWAYS_EMBED_SWIFT_STANDARD_LIBRARIES = YES;
				CODE_SIGN_STYLE = Automatic;
				CURRENT_PROJECT_VERSION = 1;
				DEVELOPMENT_TEAM = 597B6CQ9Q3;
				GENERATE_INFOPLIST_FILE = YES;
				MARKETING_VERSION = 1.0;
				PRODUCT_BUNDLE_IDENTIFIER = com.Alexa.CalculatorUITests;
				PRODUCT_NAME = "$(TARGET_NAME)";
				SWIFT_EMIT_LOC_STRINGS = NO;
				SWIFT_VERSION = 5.0;
				TARGETED_DEVICE_FAMILY = "1,2";
				TEST_TARGET_NAME = Calculator;
			};
			name = Debug;
		};
		FDE4BC7929ADB06B00DA2474 /* Release */ = {
			isa = XCBuildConfiguration;
			buildSettings = {
				ALWAYS_EMBED_SWIFT_STANDARD_LIBRARIES = YES;
				CODE_SIGN_STYLE = Automatic;
				CURRENT_PROJECT_VERSION = 1;
				DEVELOPMENT_TEAM = 597B6CQ9Q3;
				GENERATE_INFOPLIST_FILE = YES;
				MARKETING_VERSION = 1.0;
				PRODUCT_BUNDLE_IDENTIFIER = com.Alexa.CalculatorUITests;
				PRODUCT_NAME = "$(TARGET_NAME)";
				SWIFT_EMIT_LOC_STRINGS = NO;
				SWIFT_VERSION = 5.0;
				TARGETED_DEVICE_FAMILY = "1,2";
				TEST_TARGET_NAME = Calculator;
			};
			name = Release;
		};
/* End XCBuildConfiguration section */

/* Begin XCConfigurationList section */
		FDE4BC4229ADB06A00DA2474 /* Build configuration list for PBXProject "Calculator" */ = {
			isa = XCConfigurationList;
			buildConfigurations = (
				FDE4BC6F29ADB06B00DA2474 /* Debug */,
				FDE4BC7029ADB06B00DA2474 /* Release */,
			);
			defaultConfigurationIsVisible = 0;
			defaultConfigurationName = Release;
		};
		FDE4BC7129ADB06B00DA2474 /* Build configuration list for PBXNativeTarget "Calculator" */ = {
			isa = XCConfigurationList;
			buildConfigurations = (
				FDE4BC7229ADB06B00DA2474 /* Debug */,
				FDE4BC7329ADB06B00DA2474 /* Release */,
			);
			defaultConfigurationIsVisible = 0;
			defaultConfigurationName = Release;
		};
		FDE4BC7429ADB06B00DA2474 /* Build configuration list for PBXNativeTarget "CalculatorTests" */ = {
			isa = XCConfigurationList;
			buildConfigurations = (
				FDE4BC7529ADB06B00DA2474 /* Debug */,
				FDE4BC7629ADB06B00DA2474 /* Release */,
			);
			defaultConfigurationIsVisible = 0;
			defaultConfigurationName = Release;
		};
		FDE4BC7729ADB06B00DA2474 /* Build configuration list for PBXNativeTarget "CalculatorUITests" */ = {
			isa = XCConfigurationList;
			buildConfigurations = (
				FDE4BC7829ADB06B00DA2474 /* Debug */,
				FDE4BC7929ADB06B00DA2474 /* Release */,
			);
			defaultConfigurationIsVisible = 0;
			defaultConfigurationName = Release;
		};
/* End XCConfigurationList section */
	};
	rootObject = FDE4BC3F29ADB06A00DA2474 /* Project object */;
}
